{
  "name": "ticket-monitoring",
  "version": "1.0.0",
  "lockfileVersion": 3,
  "requires": true,
  "packages": {
    "": {
      "name": "ticket-monitoring",
      "version": "1.0.0",
      "license": "MIT",
      "dependencies": {
        "fetch-socks": "^1.3.3",
        "undici": "^8.10.0"
      },
      "engines": {
        "node": ">=22"
      }
    },
    "node_modules/fetch-socks": {
      "version": "1.3.3",
      "license": "MIT",
      "dependencies": {
        "socks": "^2.8.7",
        "undici": ">=7"
      }
    },
    "node_modules/ip-address": {
      "version": "10.4.0",
      "license": "MIT",
      "engines": {
        "node": ">= 12"
      }
    },
    "node_modules/smart-buffer": {
      "version": "4.2.0",
      "license": "MIT",
      "engines": {
        "node": ">= 6.0.0",
        "npm": ">= 3.0.0"
      }
    },
    "node_modules/socks": {
      "version": "2.8.9",
      "license": "MIT",
      "dependencies": {
        "ip-address": "^10.1.1",
        "smart-buffer": "^4.2.0"
      },
      "engines": {
        "node": ">= 10.0.0",
        "npm": ">= 3.0.0"
      }
    },
    "node_modules/undici": {
      "version": "8.10.0",
      "license": "MIT",
      "engines": {
        "node": ">=22.19.0"
      }
    }
  }
}
